
Microsoft Visual Studio Solution File, Format Version 12.00
# Visual Studio Version 16
VisualStudioVersion = 16.0.31515.178
MinimumVisualStudioVersion = 10.0.40219.1
Project("{FAE04EC0-301F-11D3-BF4B-00C04F79EFBC}") = "IDPP_lab1-4_receiver", "IDPP_lab1-4_receiver.csproj", "{9F37EFCD-BCBC-41A7-B425-03CA341B5BE8}"
EndProject
Global
	GlobalSection(SolutionConfigurationPlatforms) = preSolution
		Debug|Any CPU = Debug|Any CPU
		Release|Any CPU = Release|Any CPU
	EndGlobalSection
	GlobalSection(ProjectConfigurationPlatforms) = postSolution
		{9F37EFCD-BCBC-41A7-B425-03CA341B5BE8}.Debug|Any CPU.ActiveCfg = Debug|Any CPU
		{9F37EFCD-BCBC-41A7-B425-03CA341B5BE8}.Debug|Any CPU.Build.0 = Debug|Any CPU
		{9F37EFCD-BCBC-41A7-B425-03CA341B5BE8}.Release|Any CPU.ActiveCfg = Release|Any CPU
		{9F37EFCD-BCBC-41A7-B425-03CA341B5BE8}.Release|Any CPU.Build.0 = Release|Any CPU
	EndGlobalSection
	GlobalSection(SolutionProperties) = preSolution
		HideSolutionNode = FALSE
	EndGlobalSection
	GlobalSection(ExtensibilityGlobals) = postSolution
		SolutionGuid = {8CC2813C-B770-4B61-B71C-23B6D93E52DB}
	EndGlobalSection
EndGlobal
